
Microsoft Visual Studio Solution File, Format Version 12.00
# Visual Studio Version 17
VisualStudioVersion = 17.2.32616.157
MinimumVisualStudioVersion = 10.0.40219.1
Project("{FAE04EC0-301F-11D3-BF4B-00C04F79EFBC}") = "eShop", "eShop\eShop.csproj", "{52629EE5-EDD8-4D90-9A30-CF743E8EB75D}"
EndProject
Global
	GlobalSection(SolutionConfigurationPlatforms) = preSolution
		Debug|Any CPU = Debug|Any CPU
		Release|Any CPU = Release|Any CPU
	EndGlobalSection
	GlobalSection(ProjectConfigurationPlatforms) = postSolution
		{52629EE5-EDD8-4D90-9A30-CF743E8EB75D}.Debug|Any CPU.ActiveCfg = Debug|Any CPU
		{52629EE5-EDD8-4D90-9A30-CF743E8EB75D}.Debug|Any CPU.Build.0 = Debug|Any CPU
		{52629EE5-EDD8-4D90-9A30-CF743E8EB75D}.Release|Any CPU.ActiveCfg = Release|Any CPU
		{52629EE5-EDD8-4D90-9A30-CF743E8EB75D}.Release|Any CPU.Build.0 = Release|Any CPU
	EndGlobalSection
	GlobalSection(SolutionProperties) = preSolution
		HideSolutionNode = FALSE
	EndGlobalSection
	GlobalSection(ExtensibilityGlobals) = postSolution
		SolutionGuid = {A291A4C9-F735-4895-9E2B-5DADF23FEC71}
	EndGlobalSection
EndGlobal
